
Microsoft Visual Studio Solution File, Format Version 12.00
# Visual Studio Version 17
VisualStudioVersion = 17.3.32811.315
MinimumVisualStudioVersion = 10.0.40219.1
Project("{9A19103F-16F7-4668-BE54-9A1E7A4F7556}") = "CalculatorFunctionAPI", "CalculatorFunctionAPI\CalculatorFunctionAPI.csproj", "{BCAF3478-3F09-4A42-9AA0-0DA7EF18FDC7}"
EndProject
Global
	GlobalSection(SolutionConfigurationPlatforms) = preSolution
		Debug|Any CPU = Debug|Any CPU
		Release|Any CPU = Release|Any CPU
	EndGlobalSection
	GlobalSection(ProjectConfigurationPlatforms) = postSolution
		{BCAF3478-3F09-4A42-9AA0-0DA7EF18FDC7}.Debug|Any CPU.ActiveCfg = Debug|Any CPU
		{BCAF3478-3F09-4A42-9AA0-0DA7EF18FDC7}.Debug|Any CPU.Build.0 = Debug|Any CPU
		{BCAF3478-3F09-4A42-9AA0-0DA7EF18FDC7}.Release|Any CPU.ActiveCfg = Release|Any CPU
		{BCAF3478-3F09-4A42-9AA0-0DA7EF18FDC7}.Release|Any CPU.Build.0 = Release|Any CPU
	EndGlobalSection
	GlobalSection(SolutionProperties) = preSolution
		HideSolutionNode = FALSE
	EndGlobalSection
	GlobalSection(ExtensibilityGlobals) = postSolution
		SolutionGuid = {12914512-3BEE-4492-99E5-FA32885065DF}
	EndGlobalSection
EndGlobal
